
Microsoft Visual Studio Solution File, Format Version 12.00
# Visual Studio Version 17
VisualStudioVersion = 17.1.31911.260
MinimumVisualStudioVersion = 10.0.40219.1
Project("{9A19103F-16F7-4668-BE54-9A1E7A4F7556}") = "Diary.App", "Diary.App\Diary.App.csproj", "{B8E31137-2963-470E-A851-908C32BA0973}"
EndProject
Project("{9A19103F-16F7-4668-BE54-9A1E7A4F7556}") = "Diary.Core", "Diary.Core\Diary.Core.csproj", "{D268BF04-E830-4A32-BB9B-4DBF95E07E53}"
EndProject
Project("{FAE04EC0-301F-11D3-BF4B-00C04F79EFBC}") = "Testing", "Testing\Testing.csproj", "{D6D166E3-70EA-485C-BC84-1A2B6CB63806}"
EndProject
Global
	GlobalSection(SolutionConfigurationPlatforms) = preSolution
		Debug|Any CPU = Debug|Any CPU
		Release|Any CPU = Release|Any CPU
	EndGlobalSection
	GlobalSection(ProjectConfigurationPlatforms) = postSolution
		{B8E31137-2963-470E-A851-908C32BA0973}.Debug|Any CPU.ActiveCfg = Debug|Any CPU
		{B8E31137-2963-470E-A851-908C32BA0973}.Debug|Any CPU.Build.0 = Debug|Any CPU
		{B8E31137-2963-470E-A851-908C32BA0973}.Release|Any CPU.ActiveCfg = Release|Any CPU
		{B8E31137-2963-470E-A851-908C32BA0973}.Release|Any CPU.Build.0 = Release|Any CPU
		{D268BF04-E830-4A32-BB9B-4DBF95E07E53}.Debug|Any CPU.ActiveCfg = Debug|Any CPU
		{D268BF04-E830-4A32-BB9B-4DBF95E07E53}.Debug|Any CPU.Build.0 = Debug|Any CPU
		{D268BF04-E830-4A32-BB9B-4DBF95E07E53}.Release|Any CPU.ActiveCfg = Release|Any CPU
		{D268BF04-E830-4A32-BB9B-4DBF95E07E53}.Release|Any CPU.Build.0 = Release|Any CPU
		{D6D166E3-70EA-485C-BC84-1A2B6CB63806}.Debug|Any CPU.ActiveCfg = Debug|Any CPU
		{D6D166E3-70EA-485C-BC84-1A2B6CB63806}.Debug|Any CPU.Build.0 = Debug|Any CPU
		{D6D166E3-70EA-485C-BC84-1A2B6CB63806}.Release|Any CPU.ActiveCfg = Release|Any CPU
		{D6D166E3-70EA-485C-BC84-1A2B6CB63806}.Release|Any CPU.Build.0 = Release|Any CPU
	EndGlobalSection
	GlobalSection(SolutionProperties) = preSolution
		HideSolutionNode = FALSE
	EndGlobalSection
	GlobalSection(ExtensibilityGlobals) = postSolution
		SolutionGuid = {48AB5769-1B66-4818-9FC6-69E642981878}
	EndGlobalSection
EndGlobal
